
Microsoft Visual Studio Solution File, Format Version 12.00
# Visual Studio Version 17
VisualStudioVersion = 17.0.31903.59
MinimumVisualStudioVersion = 10.0.40219.1
Project("{FAE04EC0-301F-11D3-BF4B-00C04F79EFBC}") = "API", "API\API.csproj", "{CBA59397-2003-434C-ADC9-2981520D1E03}"
EndProject
Global
	GlobalSection(SolutionConfigurationPlatforms) = preSolution
		Debug|Any CPU = Debug|Any CPU
		Release|Any CPU = Release|Any CPU
	EndGlobalSection
	GlobalSection(ProjectConfigurationPlatforms) = postSolution
		{CBA59397-2003-434C-ADC9-2981520D1E03}.Debug|Any CPU.ActiveCfg = Debug|Any CPU
		{CBA59397-2003-434C-ADC9-2981520D1E03}.Debug|Any CPU.Build.0 = Debug|Any CPU
		{CBA59397-2003-434C-ADC9-2981520D1E03}.Release|Any CPU.ActiveCfg = Release|Any CPU
		{CBA59397-2003-434C-ADC9-2981520D1E03}.Release|Any CPU.Build.0 = Release|Any CPU
	EndGlobalSection
	GlobalSection(SolutionProperties) = preSolution
		HideSolutionNode = FALSE
	EndGlobalSection
	GlobalSection(ExtensibilityGlobals) = postSolution
		SolutionGuid = {3DC4498D-CBDA-4BBC-8010-AEDA26BCF57F}
	EndGlobalSection
EndGlobal
